{
  "name": "laptoperp",
  "version": "1.0.0",
  "lockfileVersion": 3,
  "requires": true,
  "packages": {
    "": {
      "name": "laptoperp",
      "version": "1.0.0",
      "license": "MIT",
      "dependencies": {
        "bootstrap": "^5.3.2",
        "bootstrap-icons": "^1.11.2",
        "chart.js": "^4.4.1"
      },
      "devDependencies": {
        "cssnano": "^6.0.2",
        "terser": "^5.26.0"
      }
    },
    "node_modules/@popperjs/core": {
      "version": "2.11.8",
      "resolved": "https://registry.npmjs.org/@popperjs/core/-/core-2.11.8.tgz",
      "integrity": "sha512-P1st0aksCrn9sGZhp8GMYwBnQsbvAWsZAX44oXNNvLHGqAOcoVxwyWayCVJ3WJ8nS9Qh9DWW3WcJuNi9LQIg=="
    },
    "node_modules/bootstrap": {
      "version": "5.3.2",
      "resolved": "https://registry.npmjs.org/bootstrap/-/bootstrap-5.3.2.tgz",
      "integrity": "sha512-D22vsFQzsM0auS/pAc495ONAGIBzkKigTQLCwADouWB3KaMLFi0xPnpb76+s00c5sXzX29/x2F6c43zK55g==",
      "peerDependencies": {
        "@popperjs/core": "^2.11.8"
      }
    },
    "node_modules/bootstrap-icons": {
      "version": "1.11.2",
      "resolved": "https://registry.npmjs.org/bootstrap-icons/-/bootstrap-icons-1.11.2.tgz",
      "integrity": "sha512-ds33f4pndh7ZkXp8vV9L9oY7m61d19+1z8f2N/Xy9X5pQyZ0z8X5vQyZ0z8X5vQyZ0z8X5vQyZ0z8X5vQyZ0=="
    },
    "node_modules/chart.js": {
      "version": "4.4.1",
      "resolved": "https://registry.npmjs.org/chart.js/-/chart.js-4.4.1.tgz",
      "integrity": "sha512-gc3mg9/V1b67R5b871cW+qM572+qO9uK8/2A/L1A/S/F/Z1+qM572+qO9uK8/2A/L1A/S/F/Z1+qM572+qO9=="
    }
  }
}
