# This file is automatically generated by Poetry 1.8.0
# It is not intended for manual editing.

[[package]]
name = "asgiref"
version = "3.12.1"
description = "ASGI specs, helper code, and adapters"
optional = false
python-versions = ">=3.8"

[[package]]
name = "django"
version = "5.2.17"
description = "A high-level Python web framework that encourages rapid development and clean, pragmatic design."
optional = false
python-versions = ">=3.10"
files = [
    {file = "Django-5.2.17-py3-none-any.whl", hash = "sha256:d87df92a2a0ff9bbfa037eec5e29783f9829f045bbd697858c42a2202b8004f2"},
]

[[package]]
name = "djangorestframework"
version = "3.18.0"
description = "Web APIs for Django, made easy."
optional = false
python-versions = ">=3.8"

[[package]]
name = "pillow"
version = "12.3.0"
description = "Python Imaging Library (Fork)"
optional = false
python-versions = ">=3.9"

[metadata]
lock-version = "2.0"
python-versions = "^3.10"
content-hash = "e6097d8c6b732fb4b4976c66cf17fbf7cbb62463e26cf8d45efefba56bca95c2"
